
Microsoft Visual Studio Solution File, Format Version 12.00
# Visual Studio Version 17
VisualStudioVersion = 17.9.34622.214
MinimumVisualStudioVersion = 10.0.40219.1
Project("{9A19103F-16F7-4668-BE54-9A1E7A4F7556}") = "EntityFrameworkWeatherApp", "EntityFrameworkWeatherApp\EntityFrameworkWeatherApp.csproj", "{334D902F-1863-4968-8DC7-00ED9BB10B9E}"
EndProject
Project("{2150E333-8FDC-42A3-9474-1A3956D46DE8}") = "src", "src", "{0E0035DC-9545-4C23-AD6F-5482F1440F7D}"
EndProject
Project("{2150E333-8FDC-42A3-9474-1A3956D46DE8}") = "tests", "tests", "{A7C41978-E884-4F0F-B767-966844F3B58D}"
EndProject
Project("{9A19103F-16F7-4668-BE54-9A1E7A4F7556}") = "WeatherAPI", "WeatherAPI\WeatherAPI.csproj", "{FA1C721B-F0F3-4BED-8A76-AC7EEECEB942}"
EndProject
Project("{9A19103F-16F7-4668-BE54-9A1E7A4F7556}") = "WeatherAPI.UnitTests", "WeatherAPI.UnitTests\WeatherAPI.UnitTests.csproj", "{CE150E2B-F416-4CD4-ABC8-8D2B67A6070C}"
EndProject
Project("{9A19103F-16F7-4668-BE54-9A1E7A4F7556}") = "EntityFrameworkWeatherApp.Abstractions", "EntityFrameworkWeatherApp.Abstractions\EntityFrameworkWeatherApp.Abstractions.csproj", "{777CB498-6DE5-4182-86A3-96B06DF69D4F}"
EndProject
Project("{9A19103F-16F7-4668-BE54-9A1E7A4F7556}") = "EntityFrameworkWeatherApp.Abstractions.UnitTests", "EntityFrameworkWeatherApp.Abstractions.UnitTests\EntityFrameworkWeatherApp.Abstractions.UnitTests.csproj", "{EA6AD319-2577-4693-BF91-AF394FEDF004}"
EndProject
Project("{9A19103F-16F7-4668-BE54-9A1E7A4F7556}") = "WeatherAPI.DevTests", "WeatherAPI.DevTests\WeatherAPI.DevTests.csproj", "{F521E295-6567-4391-A61C-B4795E44ADF6}"
EndProject
Global
	GlobalSection(SolutionConfigurationPlatforms) = preSolution
		Debug|Any CPU = Debug|Any CPU
		Release|Any CPU = Release|Any CPU
	EndGlobalSection
	GlobalSection(ProjectConfigurationPlatforms) = postSolution
		{334D902F-1863-4968-8DC7-00ED9BB10B9E}.Debug|Any CPU.ActiveCfg = Debug|Any CPU
		{334D902F-1863-4968-8DC7-00ED9BB10B9E}.Debug|Any CPU.Build.0 = Debug|Any CPU
		{334D902F-1863-4968-8DC7-00ED9BB10B9E}.Release|Any CPU.ActiveCfg = Release|Any CPU
		{334D902F-1863-4968-8DC7-00ED9BB10B9E}.Release|Any CPU.Build.0 = Release|Any CPU
		{FA1C721B-F0F3-4BED-8A76-AC7EEECEB942}.Debug|Any CPU.ActiveCfg = Debug|Any CPU
		{FA1C721B-F0F3-4BED-8A76-AC7EEECEB942}.Debug|Any CPU.Build.0 = Debug|Any CPU
		{FA1C721B-F0F3-4BED-8A76-AC7EEECEB942}.Release|Any CPU.ActiveCfg = Release|Any CPU
		{FA1C721B-F0F3-4BED-8A76-AC7EEECEB942}.Release|Any CPU.Build.0 = Release|Any CPU
		{CE150E2B-F416-4CD4-ABC8-8D2B67A6070C}.Debug|Any CPU.ActiveCfg = Debug|Any CPU
		{CE150E2B-F416-4CD4-ABC8-8D2B67A6070C}.Debug|Any CPU.Build.0 = Debug|Any CPU
		{CE150E2B-F416-4CD4-ABC8-8D2B67A6070C}.Release|Any CPU.ActiveCfg = Release|Any CPU
		{CE150E2B-F416-4CD4-ABC8-8D2B67A6070C}.Release|Any CPU.Build.0 = Release|Any CPU
		{777CB498-6DE5-4182-86A3-96B06DF69D4F}.Debug|Any CPU.ActiveCfg = Debug|Any CPU
		{777CB498-6DE5-4182-86A3-96B06DF69D4F}.Debug|Any CPU.Build.0 = Debug|Any CPU
		{777CB498-6DE5-4182-86A3-96B06DF69D4F}.Release|Any CPU.ActiveCfg = Release|Any CPU
		{777CB498-6DE5-4182-86A3-96B06DF69D4F}.Release|Any CPU.Build.0 = Release|Any CPU
		{EA6AD319-2577-4693-BF91-AF394FEDF004}.Debug|Any CPU.ActiveCfg = Debug|Any CPU
		{EA6AD319-2577-4693-BF91-AF394FEDF004}.Debug|Any CPU.Build.0 = Debug|Any CPU
		{EA6AD319-2577-4693-BF91-AF394FEDF004}.Release|Any CPU.ActiveCfg = Release|Any CPU
		{EA6AD319-2577-4693-BF91-AF394FEDF004}.Release|Any CPU.Build.0 = Release|Any CPU
		{F521E295-6567-4391-A61C-B4795E44ADF6}.Debug|Any CPU.ActiveCfg = Debug|Any CPU
		{F521E295-6567-4391-A61C-B4795E44ADF6}.Debug|Any CPU.Build.0 = Debug|Any CPU
		{F521E295-6567-4391-A61C-B4795E44ADF6}.Release|Any CPU.ActiveCfg = Release|Any CPU
		{F521E295-6567-4391-A61C-B4795E44ADF6}.Release|Any CPU.Build.0 = Release|Any CPU
	EndGlobalSection
	GlobalSection(SolutionProperties) = preSolution
		HideSolutionNode = FALSE
	EndGlobalSection
	GlobalSection(NestedProjects) = preSolution
		{334D902F-1863-4968-8DC7-00ED9BB10B9E} = {0E0035DC-9545-4C23-AD6F-5482F1440F7D}
		{FA1C721B-F0F3-4BED-8A76-AC7EEECEB942} = {0E0035DC-9545-4C23-AD6F-5482F1440F7D}
		{CE150E2B-F416-4CD4-ABC8-8D2B67A6070C} = {A7C41978-E884-4F0F-B767-966844F3B58D}
		{777CB498-6DE5-4182-86A3-96B06DF69D4F} = {0E0035DC-9545-4C23-AD6F-5482F1440F7D}
		{EA6AD319-2577-4693-BF91-AF394FEDF004} = {A7C41978-E884-4F0F-B767-966844F3B58D}
		{F521E295-6567-4391-A61C-B4795E44ADF6} = {A7C41978-E884-4F0F-B767-966844F3B58D}
	EndGlobalSection
	GlobalSection(ExtensibilityGlobals) = postSolution
		SolutionGuid = {E364338A-483A-4BB5-BE05-4E6B9A63DCEF}
	EndGlobalSection
EndGlobal
